
Microsoft Visual Studio Solution File, Format Version 12.00
Project("{FAE04EC0-301F-11D3-BF4B-00C04F79EFBC}") = "AppdevBookShop", "AppdevBookShop\AppdevBookShop.csproj", "{381ED17D-FD2A-446D-ACCC-A6AF4D019C4C}"
EndProject
Global
	GlobalSection(SolutionConfigurationPlatforms) = preSolution
		Debug|Any CPU = Debug|Any CPU
		Release|Any CPU = Release|Any CPU
	EndGlobalSection
	GlobalSection(ProjectConfigurationPlatforms) = postSolution
		{381ED17D-FD2A-446D-ACCC-A6AF4D019C4C}.Debug|Any CPU.ActiveCfg = Debug|Any CPU
		{381ED17D-FD2A-446D-ACCC-A6AF4D019C4C}.Debug|Any CPU.Build.0 = Debug|Any CPU
		{381ED17D-FD2A-446D-ACCC-A6AF4D019C4C}.Release|Any CPU.ActiveCfg = Release|Any CPU
		{381ED17D-FD2A-446D-ACCC-A6AF4D019C4C}.Release|Any CPU.Build.0 = Release|Any CPU
	EndGlobalSection
EndGlobal
